
Microsoft Visual Studio Solution File, Format Version 12.00
# Visual Studio Version 17
VisualStudioVersion = 17.10.35122.118
MinimumVisualStudioVersion = 10.0.40219.1
Project("{8BC9CEB8-8B4A-11D0-8D11-00A0C91BC942}") = "3KLSC-MISAELLOPEZ- 11", "3KLSC-MISAELLOPEZ- 11\3KLSC-MISAELLOPEZ- 11.vcxproj", "{A2FB0D6A-AD7B-4644-A234-0D990B10A17B}"
EndProject
Global
	GlobalSection(SolutionConfigurationPlatforms) = preSolution
		Debug|x64 = Debug|x64
		Debug|x86 = Debug|x86
		Release|x64 = Release|x64
		Release|x86 = Release|x86
	EndGlobalSection
	GlobalSection(ProjectConfigurationPlatforms) = postSolution
		{A2FB0D6A-AD7B-4644-A234-0D990B10A17B}.Debug|x64.ActiveCfg = Debug|x64
		{A2FB0D6A-AD7B-4644-A234-0D990B10A17B}.Debug|x64.Build.0 = Debug|x64
		{A2FB0D6A-AD7B-4644-A234-0D990B10A17B}.Debug|x86.ActiveCfg = Debug|Win32
		{A2FB0D6A-AD7B-4644-A234-0D990B10A17B}.Debug|x86.Build.0 = Debug|Win32
		{A2FB0D6A-AD7B-4644-A234-0D990B10A17B}.Release|x64.ActiveCfg = Release|x64
		{A2FB0D6A-AD7B-4644-A234-0D990B10A17B}.Release|x64.Build.0 = Release|x64
		{A2FB0D6A-AD7B-4644-A234-0D990B10A17B}.Release|x86.ActiveCfg = Release|Win32
		{A2FB0D6A-AD7B-4644-A234-0D990B10A17B}.Release|x86.Build.0 = Release|Win32
	EndGlobalSection
	GlobalSection(SolutionProperties) = preSolution
		HideSolutionNode = FALSE
	EndGlobalSection
	GlobalSection(ExtensibilityGlobals) = postSolution
		SolutionGuid = {67BE2999-F363-415C-94E9-687E4B0C1E10}
	EndGlobalSection
EndGlobal
